Microsoft Visual Studio Solution File, Format Version 12.00
# Visual Studio 15
VisualStudioVersion = 15.0.27703.2035
MinimumVisualStudioVersion = 10.0.40219.1
Project("{FAE04EC0-301F-11D3-BF4B-00C04F79EFBC}") = "NFive.SDK.Server", "NFive.SDK.Server.csproj", "{603D3FEB-F8DF-45BB-869C-6907125FACCD}"
EndProject
Global
	GlobalSection(SolutionConfigurationPlatforms) = preSolution
		Debug|Any CPU = Debug|Any CPU
		Release|Any CPU = Release|Any CPU
	EndGlobalSection
	GlobalSection(ProjectConfigurationPlatforms) = postSolution
		{603D3FEB-F8DF-45BB-869C-6907125FACCD}.Debug|Any CPU.ActiveCfg = Debug|Any CPU
		{603D3FEB-F8DF-45BB-869C-6907125FACCD}.Debug|Any CPU.Build.0 = Debug|Any CPU
		{603D3FEB-F8DF-45BB-869C-6907125FACCD}.Release|Any CPU.ActiveCfg = Release|Any CPU
		{603D3FEB-F8DF-45BB-869C-6907125FACCD}.Release|Any CPU.Build.0 = Release|Any CPU
	EndGlobalSection
	GlobalSection(SolutionProperties) = preSolution
		HideSolutionNode = FALSE
	EndGlobalSection
	GlobalSection(ExtensibilityGlobals) = postSolution
		SolutionGuid = {CEEFDE0F-7766-4F89-9AC1-0E38C9B92C7A}
	EndGlobalSection
EndGlobal
